
Microsoft Visual Studio Solution File, Format Version 12.00
# Visual Studio Version 17
VisualStudioVersion = 17.5.33516.290
MinimumVisualStudioVersion = 10.0.40219.1
Project("{FAE04EC0-301F-11D3-BF4B-00C04F79EFBC}") = "TaskManagementAPI", "TaskManagementAPI\TaskManagementAPI.csproj", "{E6424F7E-1FE2-4E72-B463-0C75F1D2A5AA}"
EndProject
Global
	GlobalSection(SolutionConfigurationPlatforms) = preSolution
		Debug|Any CPU = Debug|Any CPU
		Release|Any CPU = Release|Any CPU
	EndGlobalSection
	GlobalSection(ProjectConfigurationPlatforms) = postSolution
		{E6424F7E-1FE2-4E72-B463-0C75F1D2A5AA}.Debug|Any CPU.ActiveCfg = Debug|Any CPU
		{E6424F7E-1FE2-4E72-B463-0C75F1D2A5AA}.Debug|Any CPU.Build.0 = Debug|Any CPU
		{E6424F7E-1FE2-4E72-B463-0C75F1D2A5AA}.Release|Any CPU.ActiveCfg = Release|Any CPU
		{E6424F7E-1FE2-4E72-B463-0C75F1D2A5AA}.Release|Any CPU.Build.0 = Release|Any CPU
	EndGlobalSection
	GlobalSection(SolutionProperties) = preSolution
		HideSolutionNode = FALSE
	EndGlobalSection
	GlobalSection(ExtensibilityGlobals) = postSolution
		SolutionGuid = {F220FAD2-5BAA-4B43-813B-7932070B1F7E}
	EndGlobalSection
EndGlobal
